
Microsoft Visual Studio Solution File, Format Version 12.00
# Visual Studio Version 17
VisualStudioVersion = 17.1.32421.90
MinimumVisualStudioVersion = 10.0.40219.1
Project("{FAE04EC0-301F-11D3-BF4B-00C04F79EFBC}") = "anons", "anons\anons.csproj", "{3D1F77CB-112C-4CC5-9842-959333A95560}"
EndProject
Global
	GlobalSection(SolutionConfigurationPlatforms) = preSolution
		Debug|Any CPU = Debug|Any CPU
		Release|Any CPU = Release|Any CPU
	EndGlobalSection
	GlobalSection(ProjectConfigurationPlatforms) = postSolution
		{3D1F77CB-112C-4CC5-9842-959333A95560}.Debug|Any CPU.ActiveCfg = Debug|Any CPU
		{3D1F77CB-112C-4CC5-9842-959333A95560}.Debug|Any CPU.Build.0 = Debug|Any CPU
		{3D1F77CB-112C-4CC5-9842-959333A95560}.Release|Any CPU.ActiveCfg = Release|Any CPU
		{3D1F77CB-112C-4CC5-9842-959333A95560}.Release|Any CPU.Build.0 = Release|Any CPU
	EndGlobalSection
	GlobalSection(SolutionProperties) = preSolution
		HideSolutionNode = FALSE
	EndGlobalSection
	GlobalSection(ExtensibilityGlobals) = postSolution
		SolutionGuid = {0E91CE47-0988-423D-AE8E-7DB0CDB81BED}
	EndGlobalSection
EndGlobal
